
Microsoft Visual Studio Solution File, Format Version 12.00
# Visual Studio Version 16
VisualStudioVersion = 16.0.31410.357
MinimumVisualStudioVersion = 10.0.40219.1
Project("{FAE04EC0-301F-11D3-BF4B-00C04F79EFBC}") = "Single-responsibility-Principle", "Single-responsibility-Principle\Single-responsibility-Principle.csproj", "{950EC09D-0D21-4A75-9CB0-CA239A357FCC}"
EndProject
Project("{FAE04EC0-301F-11D3-BF4B-00C04F79EFBC}") = "OpenClosedPrinciple", "OpenClosedPrinciple\OpenClosedPrinciple.csproj", "{04F0F685-8411-43CF-A7C2-6530923D3246}"
EndProject
Project("{FAE04EC0-301F-11D3-BF4B-00C04F79EFBC}") = "LISKOV SUBSTITUTION", "LISKOV SUBSTITUTION\LISKOV SUBSTITUTION.csproj", "{6DC410D5-A177-4147-9DDD-5742B7061FA3}"
EndProject
Project("{FAE04EC0-301F-11D3-BF4B-00C04F79EFBC}") = "Interface-Segregation-Principle", "Interface-Segregation-Principle\Interface-Segregation-Principle.csproj", "{E5C37ECA-7AEA-490A-869F-EA83C18A872B}"
EndProject
Project("{FAE04EC0-301F-11D3-BF4B-00C04F79EFBC}") = "Depedency-Inversion-Principle", "Depedency-Inversion-Principle\Depedency-Inversion-Principle.csproj", "{C189CA0C-7E40-4B05-A7F0-4BC231A5594C}"
EndProject
Global
	GlobalSection(SolutionConfigurationPlatforms) = preSolution
		Debug|Any CPU = Debug|Any CPU
		Release|Any CPU = Release|Any CPU
	EndGlobalSection
	GlobalSection(ProjectConfigurationPlatforms) = postSolution
		{950EC09D-0D21-4A75-9CB0-CA239A357FCC}.Debug|Any CPU.ActiveCfg = Debug|Any CPU
		{950EC09D-0D21-4A75-9CB0-CA239A357FCC}.Debug|Any CPU.Build.0 = Debug|Any CPU
		{950EC09D-0D21-4A75-9CB0-CA239A357FCC}.Release|Any CPU.ActiveCfg = Release|Any CPU
		{950EC09D-0D21-4A75-9CB0-CA239A357FCC}.Release|Any CPU.Build.0 = Release|Any CPU
		{04F0F685-8411-43CF-A7C2-6530923D3246}.Debug|Any CPU.ActiveCfg = Debug|Any CPU
		{04F0F685-8411-43CF-A7C2-6530923D3246}.Debug|Any CPU.Build.0 = Debug|Any CPU
		{04F0F685-8411-43CF-A7C2-6530923D3246}.Release|Any CPU.ActiveCfg = Release|Any CPU
		{04F0F685-8411-43CF-A7C2-6530923D3246}.Release|Any CPU.Build.0 = Release|Any CPU
		{6DC410D5-A177-4147-9DDD-5742B7061FA3}.Debug|Any CPU.ActiveCfg = Debug|Any CPU
		{6DC410D5-A177-4147-9DDD-5742B7061FA3}.Debug|Any CPU.Build.0 = Debug|Any CPU
		{6DC410D5-A177-4147-9DDD-5742B7061FA3}.Release|Any CPU.ActiveCfg = Release|Any CPU
		{6DC410D5-A177-4147-9DDD-5742B7061FA3}.Release|Any CPU.Build.0 = Release|Any CPU
		{E5C37ECA-7AEA-490A-869F-EA83C18A872B}.Debug|Any CPU.ActiveCfg = Debug|Any CPU
		{E5C37ECA-7AEA-490A-869F-EA83C18A872B}.Debug|Any CPU.Build.0 = Debug|Any CPU
		{E5C37ECA-7AEA-490A-869F-EA83C18A872B}.Release|Any CPU.ActiveCfg = Release|Any CPU
		{E5C37ECA-7AEA-490A-869F-EA83C18A872B}.Release|Any CPU.Build.0 = Release|Any CPU
		{C189CA0C-7E40-4B05-A7F0-4BC231A5594C}.Debug|Any CPU.ActiveCfg = Debug|Any CPU
		{C189CA0C-7E40-4B05-A7F0-4BC231A5594C}.Debug|Any CPU.Build.0 = Debug|Any CPU
		{C189CA0C-7E40-4B05-A7F0-4BC231A5594C}.Release|Any CPU.ActiveCfg = Release|Any CPU
		{C189CA0C-7E40-4B05-A7F0-4BC231A5594C}.Release|Any CPU.Build.0 = Release|Any CPU
	EndGlobalSection
	GlobalSection(SolutionProperties) = preSolution
		HideSolutionNode = FALSE
	EndGlobalSection
	GlobalSection(ExtensibilityGlobals) = postSolution
		SolutionGuid = {DF6456C1-5F20-4420-8687-36C8AEA01F10}
	EndGlobalSection
EndGlobal
